
Microsoft Visual Studio Solution File, Format Version 12.00
# Visual Studio Version 16
VisualStudioVersion = 16.0.31624.102
MinimumVisualStudioVersion = 10.0.40219.1
Project("{FAE04EC0-301F-11D3-BF4B-00C04F79EFBC}") = "MusicAPI", "MusicAPI\MusicAPI.csproj", "{AA7AFD4E-3F11-48C9-8E91-A2BEA8B5AF39}"
EndProject
Global
	GlobalSection(SolutionConfigurationPlatforms) = preSolution
		Debug|Any CPU = Debug|Any CPU
		Release|Any CPU = Release|Any CPU
	EndGlobalSection
	GlobalSection(ProjectConfigurationPlatforms) = postSolution
		{AA7AFD4E-3F11-48C9-8E91-A2BEA8B5AF39}.Debug|Any CPU.ActiveCfg = Debug|Any CPU
		{AA7AFD4E-3F11-48C9-8E91-A2BEA8B5AF39}.Debug|Any CPU.Build.0 = Debug|Any CPU
		{AA7AFD4E-3F11-48C9-8E91-A2BEA8B5AF39}.Release|Any CPU.ActiveCfg = Release|Any CPU
		{AA7AFD4E-3F11-48C9-8E91-A2BEA8B5AF39}.Release|Any CPU.Build.0 = Release|Any CPU
	EndGlobalSection
	GlobalSection(SolutionProperties) = preSolution
		HideSolutionNode = FALSE
	EndGlobalSection
	GlobalSection(ExtensibilityGlobals) = postSolution
		SolutionGuid = {71C0FF6F-0B57-4B35-ACA4-A379F1454BBD}
	EndGlobalSection
EndGlobal
